
Microsoft Visual Studio Solution File, Format Version 12.00
# Visual Studio Version 17
VisualStudioVersion = 17.1.32328.378
MinimumVisualStudioVersion = 10.0.40219.1
Project("{FAE04EC0-301F-11D3-BF4B-00C04F79EFBC}") = "UsuarioToken", "UsuarioToken\UsuarioToken.csproj", "{A63C8B5A-2218-4618-9E7D-8DF82A057990}"
EndProject
Global
	GlobalSection(SolutionConfigurationPlatforms) = preSolution
		Debug|Any CPU = Debug|Any CPU
		Release|Any CPU = Release|Any CPU
	EndGlobalSection
	GlobalSection(ProjectConfigurationPlatforms) = postSolution
		{A63C8B5A-2218-4618-9E7D-8DF82A057990}.Debug|Any CPU.ActiveCfg = Debug|Any CPU
		{A63C8B5A-2218-4618-9E7D-8DF82A057990}.Debug|Any CPU.Build.0 = Debug|Any CPU
		{A63C8B5A-2218-4618-9E7D-8DF82A057990}.Release|Any CPU.ActiveCfg = Release|Any CPU
		{A63C8B5A-2218-4618-9E7D-8DF82A057990}.Release|Any CPU.Build.0 = Release|Any CPU
	EndGlobalSection
	GlobalSection(SolutionProperties) = preSolution
		HideSolutionNode = FALSE
	EndGlobalSection
	GlobalSection(ExtensibilityGlobals) = postSolution
		SolutionGuid = {937CB278-7880-469A-A999-DDE6D1D6F5AB}
	EndGlobalSection
EndGlobal
